// !$*UTF8*$!
{
	archiveVersion = 1;
	classes = {
	};
	objectVersion = 50;
	objects = {

/* Begin PBXBuildFile section */
		0B095442FD5D6BC10E591D4C /* Pods_bachelor_ios.framework in Frameworks */ = {isa = PBXBuildFile; fileRef = 781775E6268E7F426518BFD6 /* Pods_bachelor_ios.framework */; };
		165F88F222983886005310DF /* Lib.swift in Sources */ = {isa = PBXBuildFile; fileRef = 165F88F122983886005310DF /* Lib.swift */; };
		166F999D2271E04B0062EFE2 /* skeleton.cpp in Sources */ = {isa = PBXBuildFile; fileRef = 166F99232271E04B0062EFE2 /* skeleton.cpp */; };
		166F999E2271E04B0062EFE2 /* util.cpp in Sources */ = {isa = PBXBuildFile; fileRef = 166F99242271E04B0062EFE2 /* util.cpp */; };
		166F99A02271E04B0062EFE2 /* image.cpp in Sources */ = {isa = PBXBuildFile; fileRef = 166F99262271E04B0062EFE2 /* image.cpp */; };
		166F99A12271E04B0062EFE2 /* binarize.cpp in Sources */ = {isa = PBXBuildFile; fileRef = 166F99272271E04B0062EFE2 /* binarize.cpp */; };
		166F99A22271E04B0062EFE2 /* path_svg.cpp in Sources */ = {isa = PBXBuildFile; fileRef = 166F99282271E04B0062EFE2 /* path_svg.cpp */; };
		166F99A32271E04B0062EFE2 /* path_approx.cpp in Sources */ = {isa = PBXBuildFile; fileRef = 166F992B2271E04B0062EFE2 /* path_approx.cpp */; };
		166F99A42271E04B0062EFE2 /* distance.cpp in Sources */ = {isa = PBXBuildFile; fileRef = 166F992C2271E04B0062EFE2 /* distance.cpp */; };
		166F99A52271E04B0062EFE2 /* tracer.cpp in Sources */ = {isa = PBXBuildFile; fileRef = 166F992E2271E04B0062EFE2 /* tracer.cpp */; };
		166F99AA2271E1CA0062EFE2 /* path_search.cpp in Sources */ = {isa = PBXBuildFile; fileRef = 166F99A92271E1CA0062EFE2 /* path_search.cpp */; };
		16D7551F2271DF4300E86FC6 /* ViewController.swift in Sources */ = {isa = PBXBuildFile; fileRef = 16D755142271DF4300E86FC6 /* ViewController.swift */; };
		16D755232271DF4300E86FC6 /* LibBridge.mm in Sources */ = {isa = PBXBuildFile; fileRef = 16D7551B2271DF4300E86FC6 /* LibBridge.mm */; };
		16D755242271DF4300E86FC6 /* AppDelegate.swift in Sources */ = {isa = PBXBuildFile; fileRef = 16D7551C2271DF4300E86FC6 /* AppDelegate.swift */; };
/* End PBXBuildFile section */

/* Begin PBXFileReference section */
		1611C3922271DED300C777A7 /* bachelor-ios.app */ = {isa = PBXFileReference; explicitFileType = wrapper.application; includeInIndex = 0; path = "bachelor-ios.app"; sourceTree = BUILT_PRODUCTS_DIR; };
		165F88F122983886005310DF /* Lib.swift */ = {isa = PBXFileReference; lastKnownFileType = sourcecode.swift; path = Lib.swift; sourceTree = "<group>"; };
		166F98B12271E04B0062EFE2 /* binarize.h */ = {isa = PBXFileReference; fileEncoding = 4; lastKnownFileType = sourcecode.c.h; path = binarize.h; sourceTree = "<group>"; };
		166F98B22271E04B0062EFE2 /* distance.h */ = {isa = PBXFileReference; fileEncoding = 4; lastKnownFileType = sourcecode.c.h; path = distance.h; sourceTree = "<group>"; };
		166F98B32271E04B0062EFE2 /* path.h */ = {isa = PBXFileReference; fileEncoding = 4; lastKnownFileType = sourcecode.c.h; path = path.h; sourceTree = "<group>"; };
		166F98B42271E04B0062EFE2 /* skeleton.h */ = {isa = PBXFileReference; fileEncoding = 4; lastKnownFileType = sourcecode.c.h; path = skeleton.h; sourceTree = "<group>"; };
		166F98B52271E04B0062EFE2 /* tracer.h */ = {isa = PBXFileReference; fileEncoding = 4; lastKnownFileType = sourcecode.c.h; path = tracer.h; sourceTree = "<group>"; };
		166F98B62271E04B0062EFE2 /* util.h */ = {isa = PBXFileReference; fileEncoding = 4; lastKnownFileType = sourcecode.c.h; path = util.h; sourceTree = "<group>"; };
		166F98B72271E04B0062EFE2 /* image.h */ = {isa = PBXFileReference; fileEncoding = 4; lastKnownFileType = sourcecode.c.h; path = image.h; sourceTree = "<group>"; };
		166F99232271E04B0062EFE2 /* skeleton.cpp */ = {isa = PBXFileReference; fileEncoding = 4; lastKnownFileType = sourcecode.cpp.cpp; path = skeleton.cpp; sourceTree = "<group>"; };
		166F99242271E04B0062EFE2 /* util.cpp */ = {isa = PBXFileReference; fileEncoding = 4; lastKnownFileType = sourcecode.cpp.cpp; path = util.cpp; sourceTree = "<group>"; };
		166F99262271E04B0062EFE2 /* image.cpp */ = {isa = PBXFileReference; fileEncoding = 4; lastKnownFileType = sourcecode.cpp.cpp; path = image.cpp; sourceTree = "<group>"; };
		166F99272271E04B0062EFE2 /* binarize.cpp */ = {isa = PBXFileReference; fileEncoding = 4; lastKnownFileType = sourcecode.cpp.cpp; path = binarize.cpp; sourceTree = "<group>"; };
		166F99282271E04B0062EFE2 /* path_svg.cpp */ = {isa = PBXFileReference; fileEncoding = 4; lastKnownFileType = sourcecode.cpp.cpp; path = path_svg.cpp; sourceTree = "<group>"; };
		166F99292271E04B0062EFE2 /* string_ext.h */ = {isa = PBXFileReference; fileEncoding = 4; lastKnownFileType = sourcecode.c.h; path = string_ext.h; sourceTree = "<group>"; };
		166F992B2271E04B0062EFE2 /* path_approx.cpp */ = {isa = PBXFileReference; fileEncoding = 4; lastKnownFileType = sourcecode.cpp.cpp; path = path_approx.cpp; sourceTree = "<group>"; };
		166F992C2271E04B0062EFE2 /* distance.cpp */ = {isa = PBXFileReference; fileEncoding = 4; lastKnownFileType = sourcecode.cpp.cpp; path = distance.cpp; sourceTree = "<group>"; };
		166F992D2271E04B0062EFE2 /* defer.h */ = {isa = PBXFileReference; fileEncoding = 4; lastKnownFileType = sourcecode.c.h; path = defer.h; sourceTree = "<group>"; };
		166F992E2271E04B0062EFE2 /* tracer.cpp */ = {isa = PBXFileReference; fileEncoding = 4; lastKnownFileType = sourcecode.cpp.cpp; path = tracer.cpp; sourceTree = "<group>"; };
		166F99A92271E1CA0062EFE2 /* path_search.cpp */ = {isa = PBXFileReference; fileEncoding = 4; lastKnownFileType = sourcecode.cpp.cpp; path = path_search.cpp; sourceTree = "<group>"; };
		16D755142271DF4300E86FC6 /* ViewController.swift */ = {isa = PBXFileReference; fileEncoding = 4; lastKnownFileType = sourcecode.swift; path = ViewController.swift; sourceTree = "<group>"; };
		16D755152271DF4300E86FC6 /* Assets.xcassets */ = {isa = PBXFileReference; lastKnownFileType = folder.assetcatalog; path = Assets.xcassets; sourceTree = "<group>"; };
		16D755172271DF4300E86FC6 /* Base */ = {isa = PBXFileReference; lastKnownFileType = file.storyboard; name = Base; path = Base.lproj/LaunchScreen.storyboard; sourceTree = "<group>"; };
		16D7551A2271DF4300E86FC6 /* LibBridge.h */ = {isa = PBXFileReference; fileEncoding = 4; lastKnownFileType = sourcecode.c.h; path = LibBridge.h; sourceTree = "<group>"; };
		16D7551B2271DF4300E86FC6 /* LibBridge.mm */ = {isa = PBXFileReference; fileEncoding = 4; lastKnownFileType = sourcecode.cpp.objcpp; path = LibBridge.mm; sourceTree = "<group>"; };
		16D7551C2271DF4300E86FC6 /* AppDelegate.swift */ = {isa = PBXFileReference; fileEncoding = 4; lastKnownFileType = sourcecode.swift; path = AppDelegate.swift; sourceTree = "<group>"; };
		16D7551D2271DF4300E86FC6 /* Bridging-Header.h */ = {isa = PBXFileReference; fileEncoding = 4; lastKnownFileType = sourcecode.c.h; path = "Bridging-Header.h"; sourceTree = "<group>"; };
		16D7551E2271DF4300E86FC6 /* Info.plist */ = {isa = PBXFileReference; fileEncoding = 4; lastKnownFileType = text.plist.xml; path = Info.plist; sourceTree = "<group>"; };
		2F53391F909AFD643676CFC4 /* Pods-bachelor-ios.release.xcconfig */ = {isa = PBXFileReference; includeInIndex = 1; lastKnownFileType = text.xcconfig; name = "Pods-bachelor-ios.release.xcconfig"; path = "Target Support Files/Pods-bachelor-ios/Pods-bachelor-ios.release.xcconfig"; sourceTree = "<group>"; };
		781775E6268E7F426518BFD6 /* Pods_bachelor_ios.framework */ = {isa = PBXFileReference; explicitFileType = wrapper.framework; includeInIndex = 0; path = Pods_bachelor_ios.framework; sourceTree = BUILT_PRODUCTS_DIR; };
		7CA62DCE80642C34A1BD0419 /* Pods-bachelor-ios.debug.xcconfig */ = {isa = PBXFileReference; includeInIndex = 1; lastKnownFileType = text.xcconfig; name = "Pods-bachelor-ios.debug.xcconfig"; path = "Target Support Files/Pods-bachelor-ios/Pods-bachelor-ios.debug.xcconfig"; sourceTree = "<group>"; };
/* End PBXFileReference section */

/* Begin PBXFrameworksBuildPhase section */
		1611C38F2271DED300C777A7 /* Frameworks */ = {
			isa = PBXFrameworksBuildPhase;
			buildActionMask = 2147483647;
			files = (
				0B095442FD5D6BC10E591D4C /* Pods_bachelor_ios.framework in Frameworks */,
			);
			runOnlyForDeploymentPostprocessing = 0;
		};
/* End PBXFrameworksBuildPhase section */

/* Begin PBXGroup section */
		1611C3892271DED300C777A7 = {
			isa = PBXGroup;
			children = (
				16D755132271DF4300E86FC6 /* src */,
				166F98A22271E04B0062EFE2 /* third_party */,
				1611C3932271DED300C777A7 /* Products */,
				A50F419604EC4702D7495606 /* Pods */,
				796FD607CE5E383398D66FA4 /* Frameworks */,
			);
			sourceTree = "<group>";
		};
		1611C3932271DED300C777A7 /* Products */ = {
			isa = PBXGroup;
			children = (
				1611C3922271DED300C777A7 /* bachelor-ios.app */,
			);
			name = Products;
			sourceTree = "<group>";
		};
		166F98A22271E04B0062EFE2 /* third_party */ = {
			isa = PBXGroup;
			children = (
				166F98A32271E04B0062EFE2 /* bachelor */,
			);
			path = third_party;
			sourceTree = "<group>";
		};
		166F98A32271E04B0062EFE2 /* bachelor */ = {
			isa = PBXGroup;
			children = (
				166F98AF2271E04B0062EFE2 /* include */,
				166F99222271E04B0062EFE2 /* src */,
			);
			path = bachelor;
			sourceTree = "<group>";
		};
		166F98AF2271E04B0062EFE2 /* include */ = {
			isa = PBXGroup;
			children = (
				166F98B02271E04B0062EFE2 /* lhecker_bachelor */,
			);
			path = include;
			sourceTree = "<group>";
		};
		166F98B02271E04B0062EFE2 /* lhecker_bachelor */ = {
			isa = PBXGroup;
			children = (
				166F98B12271E04B0062EFE2 /* binarize.h */,
				166F98B22271E04B0062EFE2 /* distance.h */,
				166F98B72271E04B0062EFE2 /* image.h */,
				166F98B32271E04B0062EFE2 /* path.h */,
				166F98B42271E04B0062EFE2 /* skeleton.h */,
				166F98B52271E04B0062EFE2 /* tracer.h */,
				166F98B62271E04B0062EFE2 /* util.h */,
			);
			path = lhecker_bachelor;
			sourceTree = "<group>";
		};
		166F99222271E04B0062EFE2 /* src */ = {
			isa = PBXGroup;
			children = (
				166F99272271E04B0062EFE2 /* binarize.cpp */,
				166F992D2271E04B0062EFE2 /* defer.h */,
				166F992C2271E04B0062EFE2 /* distance.cpp */,
				166F99262271E04B0062EFE2 /* image.cpp */,
				166F992B2271E04B0062EFE2 /* path_approx.cpp */,
				166F99A92271E1CA0062EFE2 /* path_search.cpp */,
				166F99282271E04B0062EFE2 /* path_svg.cpp */,
				166F99232271E04B0062EFE2 /* skeleton.cpp */,
				166F99292271E04B0062EFE2 /* string_ext.h */,
				166F992E2271E04B0062EFE2 /* tracer.cpp */,
				166F99242271E04B0062EFE2 /* util.cpp */,
			);
			path = src;
			sourceTree = "<group>";
		};
		16D755132271DF4300E86FC6 /* src */ = {
			isa = PBXGroup;
			children = (
				16D7551C2271DF4300E86FC6 /* AppDelegate.swift */,
				16D755152271DF4300E86FC6 /* Assets.xcassets */,
				16D7551D2271DF4300E86FC6 /* Bridging-Header.h */,
				16D7551E2271DF4300E86FC6 /* Info.plist */,
				16D755162271DF4300E86FC6 /* LaunchScreen.storyboard */,
				165F88F122983886005310DF /* Lib.swift */,
				16D7551A2271DF4300E86FC6 /* LibBridge.h */,
				16D7551B2271DF4300E86FC6 /* LibBridge.mm */,
				16D755142271DF4300E86FC6 /* ViewController.swift */,
			);
			path = src;
			sourceTree = "<group>";
		};
		796FD607CE5E383398D66FA4 /* Frameworks */ = {
			isa = PBXGroup;
			children = (
				781775E6268E7F426518BFD6 /* Pods_bachelor_ios.framework */,
			);
			name = Frameworks;
			sourceTree = "<group>";
		};
		A50F419604EC4702D7495606 /* Pods */ = {
			isa = PBXGroup;
			children = (
				7CA62DCE80642C34A1BD0419 /* Pods-bachelor-ios.debug.xcconfig */,
				2F53391F909AFD643676CFC4 /* Pods-bachelor-ios.release.xcconfig */,
			);
			path = Pods;
			sourceTree = "<group>";
		};
/* End PBXGroup section */

/* Begin PBXNativeTarget section */
		1611C3912271DED300C777A7 /* bachelor-ios */ = {
			isa = PBXNativeTarget;
			buildConfigurationList = 1611C3A42271DED400C777A7 /* Build configuration list for PBXNativeTarget "bachelor-ios" */;
			buildPhases = (
				69F3A27FCFA40A9F6C42A8BC /* [CP] Check Pods Manifest.lock */,
				1611C38E2271DED300C777A7 /* Sources */,
				1611C38F2271DED300C777A7 /* Frameworks */,
				1611C3902271DED300C777A7 /* Resources */,
			);
			buildRules = (
			);
			dependencies = (
			);
			name = "bachelor-ios";
			productName = "bachelor-ios";
			productReference = 1611C3922271DED300C777A7 /* bachelor-ios.app */;
			productType = "com.apple.product-type.application";
		};
/* End PBXNativeTarget section */

/* Begin PBXProject section */
		1611C38A2271DED300C777A7 /* Project object */ = {
			isa = PBXProject;
			attributes = {
				LastSwiftUpdateCheck = 1020;
				LastUpgradeCheck = 1020;
				ORGANIZATIONNAME = "Leonard Hecker";
				TargetAttributes = {
					1611C3912271DED300C777A7 = {
						CreatedOnToolsVersion = 10.2.1;
					};
				};
			};
			buildConfigurationList = 1611C38D2271DED300C777A7 /* Build configuration list for PBXProject "bachelor-ios" */;
			compatibilityVersion = "Xcode 9.3";
			developmentRegion = en;
			hasScannedForEncodings = 0;
			knownRegions = (
				en,
				Base,
			);
			mainGroup = 1611C3892271DED300C777A7;
			productRefGroup = 1611C3932271DED300C777A7 /* Products */;
			projectDirPath = "";
			projectRoot = "";
			targets = (
				1611C3912271DED300C777A7 /* bachelor-ios */,
			);
		};
/* End PBXProject section */

/* Begin PBXResourcesBuildPhase section */
		1611C3902271DED300C777A7 /* Resources */ = {
			isa = PBXResourcesBuildPhase;
			buildActionMask = 2147483647;
			files = (
			);
			runOnlyForDeploymentPostprocessing = 0;
		};
/* End PBXResourcesBuildPhase section */

/* Begin PBXShellScriptBuildPhase section */
		69F3A27FCFA40A9F6C42A8BC /* [CP] Check Pods Manifest.lock */ = {
			isa = PBXShellScriptBuildPhase;
			buildActionMask = 2147483647;
			files = (
			);
			inputFileListPaths = (
			);
			inputPaths = (
				"${PODS_PODFILE_DIR_PATH}/Podfile.lock",
				"${PODS_ROOT}/Manifest.lock",
			);
			name = "[CP] Check Pods Manifest.lock";
			outputFileListPaths = (
			);
			outputPaths = (
				"$(DERIVED_FILE_DIR)/Pods-bachelor-ios-checkManifestLockResult.txt",
			);
			runOnlyForDeploymentPostprocessing = 0;
			shellPath = /bin/sh;
			shellScript = "diff \"${PODS_PODFILE_DIR_PATH}/Podfile.lock\" \"${PODS_ROOT}/Manifest.lock\" > /dev/null\nif [ $? != 0 ] ; then\n    # print error to STDERR\n    echo \"error: The sandbox is not in sync with the Podfile.lock. Run 'pod install' or update your CocoaPods installation.\" >&2\n    exit 1\nfi\n# This output is used by Xcode 'outputs' to avoid re-running this script phase.\necho \"SUCCESS\" > \"${SCRIPT_OUTPUT_FILE_0}\"\n";
			showEnvVarsInLog = 0;
		};
/* End PBXShellScriptBuildPhase section */

/* Begin PBXSourcesBuildPhase section */
		1611C38E2271DED300C777A7 /* Sources */ = {
			isa = PBXSourcesBuildPhase;
			buildActionMask = 2147483647;
			files = (
				166F99A32271E04B0062EFE2 /* path_approx.cpp in Sources */,
				165F88F222983886005310DF /* Lib.swift in Sources */,
				166F99A22271E04B0062EFE2 /* path_svg.cpp in Sources */,
				166F999D2271E04B0062EFE2 /* skeleton.cpp in Sources */,
				166F99A12271E04B0062EFE2 /* binarize.cpp in Sources */,
				16D755242271DF4300E86FC6 /* AppDelegate.swift in Sources */,
				166F99A52271E04B0062EFE2 /* tracer.cpp in Sources */,
				16D7551F2271DF4300E86FC6 /* ViewController.swift in Sources */,
				166F99A42271E04B0062EFE2 /* distance.cpp in Sources */,
				166F999E2271E04B0062EFE2 /* util.cpp in Sources */,
				16D755232271DF4300E86FC6 /* LibBridge.mm in Sources */,
				166F99AA2271E1CA0062EFE2 /* path_search.cpp in Sources */,
				166F99A02271E04B0062EFE2 /* image.cpp in Sources */,
			);
			runOnlyForDeploymentPostprocessing = 0;
		};
/* End PBXSourcesBuildPhase section */

/* Begin PBXVariantGroup section */
		16D755162271DF4300E86FC6 /* LaunchScreen.storyboard */ = {
			isa = PBXVariantGroup;
			children = (
				16D755172271DF4300E86FC6 /* Base */,
			);
			name = LaunchScreen.storyboard;
			sourceTree = "<group>";
		};
/* End PBXVariantGroup section */

/* Begin XCBuildConfiguration section */
		1611C3A22271DED400C777A7 /* Debug */ = {
			isa = XCBuildConfiguration;
			buildSettings = {
				ALWAYS_SEARCH_USER_PATHS = NO;
				CLANG_ANALYZER_NONNULL = YES;
				CLANG_ANALYZER_NUMBER_OBJECT_CONVERSION = YES_AGGRESSIVE;
				CLANG_CXX_LANGUAGE_STANDARD = "gnu++14";
				CLANG_CXX_LIBRARY = "libc++";
				CLANG_ENABLE_MODULES = YES;
				CLANG_ENABLE_OBJC_ARC = YES;
				CLANG_ENABLE_OBJC_WEAK = YES;
				CLANG_WARN_BLOCK_CAPTURE_AUTORELEASING = YES;
				CLANG_WARN_BOOL_CONVERSION = YES;
				CLANG_WARN_COMMA = YES;
				CLANG_WARN_CONSTANT_CONVERSION = YES;
				CLANG_WARN_DEPRECATED_OBJC_IMPLEMENTATIONS = YES;
				CLANG_WARN_DIRECT_OBJC_ISA_USAGE = YES_ERROR;
				CLANG_WARN_DOCUMENTATION_COMMENTS = YES;
				CLANG_WARN_EMPTY_BODY = YES;
				CLANG_WARN_ENUM_CONVERSION = YES;
				CLANG_WARN_INFINITE_RECURSION = YES;
				CLANG_WARN_INT_CONVERSION = YES;
				CLANG_WARN_NON_LITERAL_NULL_CONVERSION = YES;
				CLANG_WARN_OBJC_IMPLICIT_RETAIN_SELF = YES;
				CLANG_WARN_OBJC_LITERAL_CONVERSION = YES;
				CLANG_WARN_OBJC_ROOT_CLASS = YES_ERROR;
				CLANG_WARN_RANGE_LOOP_ANALYSIS = YES;
				CLANG_WARN_STRICT_PROTOTYPES = YES;
				CLANG_WARN_SUSPICIOUS_MOVE = YES;
				CLANG_WARN_UNGUARDED_AVAILABILITY = YES_AGGRESSIVE;
				CLANG_WARN_UNREACHABLE_CODE = YES;
				CLANG_WARN__DUPLICATE_METHOD_MATCH = YES;
				CODE_SIGN_IDENTITY = "iPhone Developer";
				COPY_PHASE_STRIP = NO;
				DEBUG_INFORMATION_FORMAT = dwarf;
				ENABLE_STRICT_OBJC_MSGSEND = YES;
				ENABLE_TESTABILITY = YES;
				GCC_C_LANGUAGE_STANDARD = gnu11;
				GCC_DYNAMIC_NO_PIC = NO;
				GCC_NO_COMMON_BLOCKS = YES;
				GCC_OPTIMIZATION_LEVEL = 0;
				GCC_PREPROCESSOR_DEFINITIONS = (
					"DEBUG=1",
					"$(inherited)",
				);
				GCC_WARN_64_TO_32_BIT_CONVERSION = YES;
				GCC_WARN_ABOUT_RETURN_TYPE = YES_ERROR;
				GCC_WARN_UNDECLARED_SELECTOR = YES;
				GCC_WARN_UNINITIALIZED_AUTOS = YES_AGGRESSIVE;
				GCC_WARN_UNUSED_FUNCTION = YES;
				GCC_WARN_UNUSED_VARIABLE = YES;
				IPHONEOS_DEPLOYMENT_TARGET = 12.2;
				MTL_ENABLE_DEBUG_INFO = INCLUDE_SOURCE;
				MTL_FAST_MATH = YES;
				ONLY_ACTIVE_ARCH = YES;
				SDKROOT = iphoneos;
				SWIFT_ACTIVE_COMPILATION_CONDITIONS = DEBUG;
				SWIFT_OPTIMIZATION_LEVEL = "-Onone";
			};
			name = Debug;
		};
		1611C3A32271DED400C777A7 /* Release */ = {
			isa = XCBuildConfiguration;
			buildSettings = {
				ALWAYS_SEARCH_USER_PATHS = NO;
				CLANG_ANALYZER_NONNULL = YES;
				CLANG_ANALYZER_NUMBER_OBJECT_CONVERSION = YES_AGGRESSIVE;
				CLANG_CXX_LANGUAGE_STANDARD = "gnu++14";
				CLANG_CXX_LIBRARY = "libc++";
				CLANG_ENABLE_MODULES = YES;
				CLANG_ENABLE_OBJC_ARC = YES;
				CLANG_ENABLE_OBJC_WEAK = YES;
				CLANG_WARN_BLOCK_CAPTURE_AUTORELEASING = YES;
				CLANG_WARN_BOOL_CONVERSION = YES;
				CLANG_WARN_COMMA = YES;
				CLANG_WARN_CONSTANT_CONVERSION = YES;
				CLANG_WARN_DEPRECATED_OBJC_IMPLEMENTATIONS = YES;
				CLANG_WARN_DIRECT_OBJC_ISA_USAGE = YES_ERROR;
				CLANG_WARN_DOCUMENTATION_COMMENTS = YES;
				CLANG_WARN_EMPTY_BODY = YES;
				CLANG_WARN_ENUM_CONVERSION = YES;
				CLANG_WARN_INFINITE_RECURSION = YES;
				CLANG_WARN_INT_CONVERSION = YES;
				CLANG_WARN_NON_LITERAL_NULL_CONVERSION = YES;
				CLANG_WARN_OBJC_IMPLICIT_RETAIN_SELF = YES;
				CLANG_WARN_OBJC_LITERAL_CONVERSION = YES;
				CLANG_WARN_OBJC_ROOT_CLASS = YES_ERROR;
				CLANG_WARN_RANGE_LOOP_ANALYSIS = YES;
				CLANG_WARN_STRICT_PROTOTYPES = YES;
				CLANG_WARN_SUSPICIOUS_MOVE = YES;
				CLANG_WARN_UNGUARDED_AVAILABILITY = YES_AGGRESSIVE;
				CLANG_WARN_UNREACHABLE_CODE = YES;
				CLANG_WARN__DUPLICATE_METHOD_MATCH = YES;
				CODE_SIGN_IDENTITY = "iPhone Developer";
				COPY_PHASE_STRIP = NO;
				DEBUG_INFORMATION_FORMAT = "dwarf-with-dsym";
				ENABLE_NS_ASSERTIONS = NO;
				ENABLE_STRICT_OBJC_MSGSEND = YES;
				GCC_C_LANGUAGE_STANDARD = gnu11;
				GCC_NO_COMMON_BLOCKS = YES;
				GCC_WARN_64_TO_32_BIT_CONVERSION = YES;
				GCC_WARN_ABOUT_RETURN_TYPE = YES_ERROR;
				GCC_WARN_UNDECLARED_SELECTOR = YES;
				GCC_WARN_UNINITIALIZED_AUTOS = YES_AGGRESSIVE;
				GCC_WARN_UNUSED_FUNCTION = YES;
				GCC_WARN_UNUSED_VARIABLE = YES;
				IPHONEOS_DEPLOYMENT_TARGET = 12.2;
				MTL_ENABLE_DEBUG_INFO = NO;
				MTL_FAST_MATH = YES;
				SDKROOT = iphoneos;
				SWIFT_COMPILATION_MODE = wholemodule;
				SWIFT_OPTIMIZATION_LEVEL = "-O";
				VALIDATE_PRODUCT = YES;
			};
			name = Release;
		};
		1611C3A52271DED400C777A7 /* Debug */ = {
			isa = XCBuildConfiguration;
			baseConfigurationReference = 7CA62DCE80642C34A1BD0419 /* Pods-bachelor-ios.debug.xcconfig */;
			buildSettings = {
				ASSETCATALOG_COMPILER_APPICON_NAME = AppIcon;
				ASSETCATALOG_COMPILER_LAUNCHIMAGE_NAME = LaunchImage;
				CLANG_CXX_LANGUAGE_STANDARD = "c++17";
				CODE_SIGN_STYLE = Automatic;
				DEVELOPMENT_TEAM = Q3B4SA423T;
				HEADER_SEARCH_PATHS = (
					"$(SRCROOT)/third_party/bachelor/include",
					"$(SRCROOT)/third_party/bachelor/src",
				);
				INFOPLIST_FILE = "$(SRCROOT)/src/Info.plist";
				LD_RUNPATH_SEARCH_PATHS = (
					"$(inherited)",
					"@executable_path/Frameworks",
				);
				PRODUCT_BUNDLE_IDENTIFIER = "io.hecker.bachelor-ios";
				PRODUCT_NAME = "$(TARGET_NAME)";
				SWIFT_OBJC_BRIDGING_HEADER = "$(SRCROOT)/src/Bridging-Header.h";
				SWIFT_VERSION = 5.0;
				TARGETED_DEVICE_FAMILY = "1,2";
			};
			name = Debug;
		};
		1611C3A62271DED400C777A7 /* Release */ = {
			isa = XCBuildConfiguration;
			baseConfigurationReference = 2F53391F909AFD643676CFC4 /* Pods-bachelor-ios.release.xcconfig */;
			buildSettings = {
				ASSETCATALOG_COMPILER_APPICON_NAME = AppIcon;
				ASSETCATALOG_COMPILER_LAUNCHIMAGE_NAME = LaunchImage;
				CLANG_CXX_LANGUAGE_STANDARD = "c++17";
				CODE_SIGN_STYLE = Automatic;
				DEVELOPMENT_TEAM = Q3B4SA423T;
				GCC_OPTIMIZATION_LEVEL = fast;
				HEADER_SEARCH_PATHS = (
					"$(SRCROOT)/third_party/bachelor/include",
					"$(SRCROOT)/third_party/bachelor/src",
				);
				INFOPLIST_FILE = "$(SRCROOT)/src/Info.plist";
				LD_RUNPATH_SEARCH_PATHS = (
					"$(inherited)",
					"@executable_path/Frameworks",
				);
				LLVM_LTO = YES;
				PRODUCT_BUNDLE_IDENTIFIER = "io.hecker.bachelor-ios";
				PRODUCT_NAME = "$(TARGET_NAME)";
				SWIFT_OBJC_BRIDGING_HEADER = "$(SRCROOT)/src/Bridging-Header.h";
				SWIFT_VERSION = 5.0;
				TARGETED_DEVICE_FAMILY = "1,2";
			};
			name = Release;
		};
/* End XCBuildConfiguration section */

/* Begin XCConfigurationList section */
		1611C38D2271DED300C777A7 /* Build configuration list for PBXProject "bachelor-ios" */ = {
			isa = XCConfigurationList;
			buildConfigurations = (
				1611C3A22271DED400C777A7 /* Debug */,
				1611C3A32271DED400C777A7 /* Release */,
			);
			defaultConfigurationIsVisible = 0;
			defaultConfigurationName = Release;
		};
		1611C3A42271DED400C777A7 /* Build configuration list for PBXNativeTarget "bachelor-ios" */ = {
			isa = XCConfigurationList;
			buildConfigurations = (
				1611C3A52271DED400C777A7 /* Debug */,
				1611C3A62271DED400C777A7 /* Release */,
			);
			defaultConfigurationIsVisible = 0;
			defaultConfigurationName = Release;
		};
/* End XCConfigurationList section */
	};
	rootObject = 1611C38A2271DED300C777A7 /* Project object */;
}
